
Microsoft Visual Studio Solution File, Format Version 12.00
# Visual Studio Version 17
VisualStudioVersion = 17.11.35327.3
MinimumVisualStudioVersion = 10.0.40219.1
Project("{FAE04EC0-301F-11D3-BF4B-00C04F79EFBC}") = "ClassLibrary_Module03", "ClassLibrary_Module03.csproj", "{BF621A29-0E5C-4A9A-93EB-49E11162B2DF}"
EndProject
Project("{FAE04EC0-301F-11D3-BF4B-00C04F79EFBC}") = "UnitTestBai03", "..\UnitTest_Bai03\UnitTestBai03.csproj", "{B7CCFA58-FD57-415C-9B6C-FFA478B165FE}"
EndProject
Project("{FAE04EC0-301F-11D3-BF4B-00C04F79EFBC}") = "UnitTestBai06", "..\UnitTestBai06\UnitTestBai06.csproj", "{FBB15625-A612-4762-BF0E-C6D36DA16263}"
EndProject
Project("{FAE04EC0-301F-11D3-BF4B-00C04F79EFBC}") = "UnitTestBai09", "..\UnitTestBai9\UnitTestBai09.csproj", "{B93CF555-EB2A-4013-A3C2-179DD9EDAFBC}"
EndProject
Project("{FAE04EC0-301F-11D3-BF4B-00C04F79EFBC}") = "UnitTestBai07", "..\UnitTestBai7\UnitTestBai07.csproj", "{144D0547-C0D4-4045-ABE2-AF81A8CE303B}"
EndProject
Project("{FAE04EC0-301F-11D3-BF4B-00C04F79EFBC}") = "UnitTestBai08", "..\UnitTestBai8\UnitTestBai08.csproj", "{9C5EDC25-728F-4816-BBF7-695F5DE53B9F}"
EndProject
Project("{FAE04EC0-301F-11D3-BF4B-00C04F79EFBC}") = "UnitTestBai20", "..\UnitTestBai20\UnitTestBai20.csproj", "{989107B8-7EE2-4837-81A8-19C88A109295}"
EndProject
Project("{FAE04EC0-301F-11D3-BF4B-00C04F79EFBC}") = "UnitTestBai17", "..\UnitTestBai17\UnitTestBai17.csproj", "{3CE50892-062A-42D3-8698-F94A726387AE}"
EndProject
Project("{FAE04EC0-301F-11D3-BF4B-00C04F79EFBC}") = "UnitTestBai16", "..\UnitTestBai16\UnitTestBai16.csproj", "{61B7125F-4E14-421E-B776-736C2DCEC8A0}"
EndProject
Project("{FAE04EC0-301F-11D3-BF4B-00C04F79EFBC}") = "UnitTestBai15", "..\UnitTestBai15\UnitTestBai15.csproj", "{ADE0FC0F-5283-4B53-9398-ECA28F53FAD9}"
EndProject
Project("{FAE04EC0-301F-11D3-BF4B-00C04F79EFBC}") = "UnitTestBai10", "..\UnitTestBai10\UnitTestBai10.csproj", "{0707E4EC-EA92-43CF-A52E-239C403A71A2}"
EndProject
Project("{FAE04EC0-301F-11D3-BF4B-00C04F79EFBC}") = "UnitTestBai11", "..\UnitTestBai11\UnitTestBai11.csproj", "{0D744573-8594-4FB9-87D1-BDE0A4193088}"
EndProject
Project("{FAE04EC0-301F-11D3-BF4B-00C04F79EFBC}") = "UnitTestBai12", "..\UnitTestBai12\UnitTestBai12.csproj", "{3BF9C112-BBE1-42AA-BF9D-4B58A4DD7F8D}"
EndProject
Project("{FAE04EC0-301F-11D3-BF4B-00C04F79EFBC}") = "UnitTestBai13", "..\UnitTestBai13\UnitTestBai13.csproj", "{7A9EED14-93C8-4CF7-A27D-EEDA3B86027E}"
EndProject
Project("{FAE04EC0-301F-11D3-BF4B-00C04F79EFBC}") = "UnitTestBai14", "..\UnitTestBai14\UnitTestBai14.csproj", "{8D76EAC7-692E-4F1F-A93F-A9CDA1A73038}"
EndProject
Project("{FAE04EC0-301F-11D3-BF4B-00C04F79EFBC}") = "UnitTestBai19", "..\UnitTestBai19\UnitTestBai19.csproj", "{2BF204EB-829E-4D58-B762-19C98BC8C4CB}"
EndProject
Project("{FAE04EC0-301F-11D3-BF4B-00C04F79EFBC}") = "UnitTestBai01", "..\UnitTestBai1\UnitTestBai01.csproj", "{4AA25869-E7A4-426D-A4EB-8DA1005FED95}"
EndProject
Project("{FAE04EC0-301F-11D3-BF4B-00C04F79EFBC}") = "UnitTestBai02", "..\UnitTestBai02\UnitTestBai02.csproj", "{26E6715C-56D8-4B78-9644-CA47460B5D1E}"
EndProject
Project("{FAE04EC0-301F-11D3-BF4B-00C04F79EFBC}") = "UnitTestBai04", "..\UnitTestBai04\UnitTestBai04.csproj", "{1B9AAB22-B73C-4805-9A7C-F4D05CE587EC}"
EndProject
Project("{FAE04EC0-301F-11D3-BF4B-00C04F79EFBC}") = "UnitTestBai18", "..\UnitTestBai18\UnitTestBai18.csproj", "{1EA6387B-CF87-4C16-83F8-0D0C6BDD4783}"
EndProject
Project("{FAE04EC0-301F-11D3-BF4B-00C04F79EFBC}") = "UnitTestBai21", "..\UnitTestBai21\UnitTestBai21.csproj", "{1B898B49-F4F3-441F-AB28-D31F4FFF3EE3}"
EndProject
Project("{FAE04EC0-301F-11D3-BF4B-00C04F79EFBC}") = "UnitTestBai05", "..\UnitTestBai05\UnitTestBai05.csproj", "{C57C4006-8CD8-4CC5-90C1-ED6705C2BBD4}"
EndProject
Global
	GlobalSection(SolutionConfigurationPlatforms) = preSolution
		Debug|Any CPU = Debug|Any CPU
		Release|Any CPU = Release|Any CPU
	EndGlobalSection
	GlobalSection(ProjectConfigurationPlatforms) = postSolution
		{BF621A29-0E5C-4A9A-93EB-49E11162B2DF}.Debug|Any CPU.ActiveCfg = Debug|Any CPU
		{BF621A29-0E5C-4A9A-93EB-49E11162B2DF}.Debug|Any CPU.Build.0 = Debug|Any CPU
		{BF621A29-0E5C-4A9A-93EB-49E11162B2DF}.Release|Any CPU.ActiveCfg = Release|Any CPU
		{BF621A29-0E5C-4A9A-93EB-49E11162B2DF}.Release|Any CPU.Build.0 = Release|Any CPU
		{B7CCFA58-FD57-415C-9B6C-FFA478B165FE}.Debug|Any CPU.ActiveCfg = Debug|Any CPU
		{B7CCFA58-FD57-415C-9B6C-FFA478B165FE}.Debug|Any CPU.Build.0 = Debug|Any CPU
		{B7CCFA58-FD57-415C-9B6C-FFA478B165FE}.Release|Any CPU.ActiveCfg = Release|Any CPU
		{B7CCFA58-FD57-415C-9B6C-FFA478B165FE}.Release|Any CPU.Build.0 = Release|Any CPU
		{FBB15625-A612-4762-BF0E-C6D36DA16263}.Debug|Any CPU.ActiveCfg = Debug|Any CPU
		{FBB15625-A612-4762-BF0E-C6D36DA16263}.Debug|Any CPU.Build.0 = Debug|Any CPU
		{FBB15625-A612-4762-BF0E-C6D36DA16263}.Release|Any CPU.ActiveCfg = Release|Any CPU
		{FBB15625-A612-4762-BF0E-C6D36DA16263}.Release|Any CPU.Build.0 = Release|Any CPU
		{B93CF555-EB2A-4013-A3C2-179DD9EDAFBC}.Debug|Any CPU.ActiveCfg = Debug|Any CPU
		{B93CF555-EB2A-4013-A3C2-179DD9EDAFBC}.Debug|Any CPU.Build.0 = Debug|Any CPU
		{B93CF555-EB2A-4013-A3C2-179DD9EDAFBC}.Release|Any CPU.ActiveCfg = Release|Any CPU
		{B93CF555-EB2A-4013-A3C2-179DD9EDAFBC}.Release|Any CPU.Build.0 = Release|Any CPU
		{144D0547-C0D4-4045-ABE2-AF81A8CE303B}.Debug|Any CPU.ActiveCfg = Debug|Any CPU
		{144D0547-C0D4-4045-ABE2-AF81A8CE303B}.Debug|Any CPU.Build.0 = Debug|Any CPU
		{144D0547-C0D4-4045-ABE2-AF81A8CE303B}.Release|Any CPU.ActiveCfg = Release|Any CPU
		{144D0547-C0D4-4045-ABE2-AF81A8CE303B}.Release|Any CPU.Build.0 = Release|Any CPU
		{9C5EDC25-728F-4816-BBF7-695F5DE53B9F}.Debug|Any CPU.ActiveCfg = Debug|Any CPU
		{9C5EDC25-728F-4816-BBF7-695F5DE53B9F}.Debug|Any CPU.Build.0 = Debug|Any CPU
		{9C5EDC25-728F-4816-BBF7-695F5DE53B9F}.Release|Any CPU.ActiveCfg = Release|Any CPU
		{9C5EDC25-728F-4816-BBF7-695F5DE53B9F}.Release|Any CPU.Build.0 = Release|Any CPU
		{989107B8-7EE2-4837-81A8-19C88A109295}.Debug|Any CPU.ActiveCfg = Debug|Any CPU
		{989107B8-7EE2-4837-81A8-19C88A109295}.Debug|Any CPU.Build.0 = Debug|Any CPU
		{989107B8-7EE2-4837-81A8-19C88A109295}.Release|Any CPU.ActiveCfg = Release|Any CPU
		{989107B8-7EE2-4837-81A8-19C88A109295}.Release|Any CPU.Build.0 = Release|Any CPU
		{3CE50892-062A-42D3-8698-F94A726387AE}.Debug|Any CPU.ActiveCfg = Debug|Any CPU
		{3CE50892-062A-42D3-8698-F94A726387AE}.Debug|Any CPU.Build.0 = Debug|Any CPU
		{3CE50892-062A-42D3-8698-F94A726387AE}.Release|Any CPU.ActiveCfg = Release|Any CPU
		{3CE50892-062A-42D3-8698-F94A726387AE}.Release|Any CPU.Build.0 = Release|Any CPU
		{61B7125F-4E14-421E-B776-736C2DCEC8A0}.Debug|Any CPU.ActiveCfg = Debug|Any CPU
		{61B7125F-4E14-421E-B776-736C2DCEC8A0}.Debug|Any CPU.Build.0 = Debug|Any CPU
		{61B7125F-4E14-421E-B776-736C2DCEC8A0}.Release|Any CPU.ActiveCfg = Release|Any CPU
		{61B7125F-4E14-421E-B776-736C2DCEC8A0}.Release|Any CPU.Build.0 = Release|Any CPU
		{ADE0FC0F-5283-4B53-9398-ECA28F53FAD9}.Debug|Any CPU.ActiveCfg = Debug|Any CPU
		{ADE0FC0F-5283-4B53-9398-ECA28F53FAD9}.Debug|Any CPU.Build.0 = Debug|Any CPU
		{ADE0FC0F-5283-4B53-9398-ECA28F53FAD9}.Release|Any CPU.ActiveCfg = Release|Any CPU
		{ADE0FC0F-5283-4B53-9398-ECA28F53FAD9}.Release|Any CPU.Build.0 = Release|Any CPU
		{0707E4EC-EA92-43CF-A52E-239C403A71A2}.Debug|Any CPU.ActiveCfg = Debug|Any CPU
		{0707E4EC-EA92-43CF-A52E-239C403A71A2}.Debug|Any CPU.Build.0 = Debug|Any CPU
		{0707E4EC-EA92-43CF-A52E-239C403A71A2}.Release|Any CPU.ActiveCfg = Release|Any CPU
		{0707E4EC-EA92-43CF-A52E-239C403A71A2}.Release|Any CPU.Build.0 = Release|Any CPU
		{0D744573-8594-4FB9-87D1-BDE0A4193088}.Debug|Any CPU.ActiveCfg = Debug|Any CPU
		{0D744573-8594-4FB9-87D1-BDE0A4193088}.Debug|Any CPU.Build.0 = Debug|Any CPU
		{0D744573-8594-4FB9-87D1-BDE0A4193088}.Release|Any CPU.ActiveCfg = Release|Any CPU
		{0D744573-8594-4FB9-87D1-BDE0A4193088}.Release|Any CPU.Build.0 = Release|Any CPU
		{3BF9C112-BBE1-42AA-BF9D-4B58A4DD7F8D}.Debug|Any CPU.ActiveCfg = Debug|Any CPU
		{3BF9C112-BBE1-42AA-BF9D-4B58A4DD7F8D}.Debug|Any CPU.Build.0 = Debug|Any CPU
		{3BF9C112-BBE1-42AA-BF9D-4B58A4DD7F8D}.Release|Any CPU.ActiveCfg = Release|Any CPU
		{3BF9C112-BBE1-42AA-BF9D-4B58A4DD7F8D}.Release|Any CPU.Build.0 = Release|Any CPU
		{7A9EED14-93C8-4CF7-A27D-EEDA3B86027E}.Debug|Any CPU.ActiveCfg = Debug|Any CPU
		{7A9EED14-93C8-4CF7-A27D-EEDA3B86027E}.Debug|Any CPU.Build.0 = Debug|Any CPU
		{7A9EED14-93C8-4CF7-A27D-EEDA3B86027E}.Release|Any CPU.ActiveCfg = Release|Any CPU
		{7A9EED14-93C8-4CF7-A27D-EEDA3B86027E}.Release|Any CPU.Build.0 = Release|Any CPU
		{8D76EAC7-692E-4F1F-A93F-A9CDA1A73038}.Debug|Any CPU.ActiveCfg = Debug|Any CPU
		{8D76EAC7-692E-4F1F-A93F-A9CDA1A73038}.Debug|Any CPU.Build.0 = Debug|Any CPU
		{8D76EAC7-692E-4F1F-A93F-A9CDA1A73038}.Release|Any CPU.ActiveCfg = Release|Any CPU
		{8D76EAC7-692E-4F1F-A93F-A9CDA1A73038}.Release|Any CPU.Build.0 = Release|Any CPU
		{2BF204EB-829E-4D58-B762-19C98BC8C4CB}.Debug|Any CPU.ActiveCfg = Debug|Any CPU
		{2BF204EB-829E-4D58-B762-19C98BC8C4CB}.Debug|Any CPU.Build.0 = Debug|Any CPU
		{2BF204EB-829E-4D58-B762-19C98BC8C4CB}.Release|Any CPU.ActiveCfg = Release|Any CPU
		{2BF204EB-829E-4D58-B762-19C98BC8C4CB}.Release|Any CPU.Build.0 = Release|Any CPU
		{4AA25869-E7A4-426D-A4EB-8DA1005FED95}.Debug|Any CPU.ActiveCfg = Debug|Any CPU
		{4AA25869-E7A4-426D-A4EB-8DA1005FED95}.Debug|Any CPU.Build.0 = Debug|Any CPU
		{4AA25869-E7A4-426D-A4EB-8DA1005FED95}.Release|Any CPU.ActiveCfg = Release|Any CPU
		{4AA25869-E7A4-426D-A4EB-8DA1005FED95}.Release|Any CPU.Build.0 = Release|Any CPU
		{26E6715C-56D8-4B78-9644-CA47460B5D1E}.Debug|Any CPU.ActiveCfg = Debug|Any CPU
		{26E6715C-56D8-4B78-9644-CA47460B5D1E}.Debug|Any CPU.Build.0 = Debug|Any CPU
		{26E6715C-56D8-4B78-9644-CA47460B5D1E}.Release|Any CPU.ActiveCfg = Release|Any CPU
		{26E6715C-56D8-4B78-9644-CA47460B5D1E}.Release|Any CPU.Build.0 = Release|Any CPU
		{1B9AAB22-B73C-4805-9A7C-F4D05CE587EC}.Debug|Any CPU.ActiveCfg = Debug|Any CPU
		{1B9AAB22-B73C-4805-9A7C-F4D05CE587EC}.Debug|Any CPU.Build.0 = Debug|Any CPU
		{1B9AAB22-B73C-4805-9A7C-F4D05CE587EC}.Release|Any CPU.ActiveCfg = Release|Any CPU
		{1B9AAB22-B73C-4805-9A7C-F4D05CE587EC}.Release|Any CPU.Build.0 = Release|Any CPU
		{1EA6387B-CF87-4C16-83F8-0D0C6BDD4783}.Debug|Any CPU.ActiveCfg = Debug|Any CPU
		{1EA6387B-CF87-4C16-83F8-0D0C6BDD4783}.Debug|Any CPU.Build.0 = Debug|Any CPU
		{1EA6387B-CF87-4C16-83F8-0D0C6BDD4783}.Release|Any CPU.ActiveCfg = Release|Any CPU
		{1EA6387B-CF87-4C16-83F8-0D0C6BDD4783}.Release|Any CPU.Build.0 = Release|Any CPU
		{1B898B49-F4F3-441F-AB28-D31F4FFF3EE3}.Debug|Any CPU.ActiveCfg = Debug|Any CPU
		{1B898B49-F4F3-441F-AB28-D31F4FFF3EE3}.Debug|Any CPU.Build.0 = Debug|Any CPU
		{1B898B49-F4F3-441F-AB28-D31F4FFF3EE3}.Release|Any CPU.ActiveCfg = Release|Any CPU
		{1B898B49-F4F3-441F-AB28-D31F4FFF3EE3}.Release|Any CPU.Build.0 = Release|Any CPU
		{C57C4006-8CD8-4CC5-90C1-ED6705C2BBD4}.Debug|Any CPU.ActiveCfg = Debug|Any CPU
		{C57C4006-8CD8-4CC5-90C1-ED6705C2BBD4}.Debug|Any CPU.Build.0 = Debug|Any CPU
		{C57C4006-8CD8-4CC5-90C1-ED6705C2BBD4}.Release|Any CPU.ActiveCfg = Release|Any CPU
		{C57C4006-8CD8-4CC5-90C1-ED6705C2BBD4}.Release|Any CPU.Build.0 = Release|Any CPU
	EndGlobalSection
	GlobalSection(SolutionProperties) = preSolution
		HideSolutionNode = FALSE
	EndGlobalSection
	GlobalSection(ExtensibilityGlobals) = postSolution
		SolutionGuid = {43979783-7581-455A-ADF0-F67B6F332159}
	EndGlobalSection
EndGlobal
