
Microsoft Visual Studio Solution File, Format Version 12.00
# Visual Studio Version 17
VisualStudioVersion = 17.11.35327.3
MinimumVisualStudioVersion = 10.0.40219.1
Project("{FAE04EC0-301F-11D3-BF4B-00C04F79EFBC}") = "ClassLibrary_Module03", "ClassLibrary_Module03\ClassLibrary_Module03.csproj", "{6791F406-FC36-4306-A050-996B1F90682A}"
EndProject
Project("{FAE04EC0-301F-11D3-BF4B-00C04F79EFBC}") = "UnitTest_Bai01", "UnitTest_Bai01\UnitTest_Bai01.csproj", "{03EBC81B-B858-4927-BF4C-FD086AD77CDD}"
EndProject
Project("{FAE04EC0-301F-11D3-BF4B-00C04F79EFBC}") = "UnitTest_Bai02", "UnitTest_Bai02\UnitTest_Bai02.csproj", "{97A49AEB-B063-46D0-B005-D91D6B54ABC7}"
EndProject
Project("{FAE04EC0-301F-11D3-BF4B-00C04F79EFBC}") = "UnitTest_Bai03", "UnitTest_Bai03\UnitTest_Bai03.csproj", "{072640D6-891D-41C4-8A54-5633C86655F1}"
EndProject
Project("{FAE04EC0-301F-11D3-BF4B-00C04F79EFBC}") = "UnitTest_Bai04", "UnitTest_Bai04\UnitTest_Bai04.csproj", "{F47AF461-CB7B-45AC-8155-1E9FA3C6619A}"
EndProject
Project("{FAE04EC0-301F-11D3-BF4B-00C04F79EFBC}") = "UnitTest_Bai05", "UnitTest_Bai05\UnitTest_Bai05.csproj", "{900DEB24-C2E1-4E16-819D-D682698246AB}"
EndProject
Project("{FAE04EC0-301F-11D3-BF4B-00C04F79EFBC}") = "UnitTest_Bai06", "UnitTest_Bai06\UnitTest_Bai06.csproj", "{1302CE2F-F7DC-47E0-9959-A9A8570715F7}"
EndProject
Project("{FAE04EC0-301F-11D3-BF4B-00C04F79EFBC}") = "UnitTest_Bai07", "UnitTest_Bai07\UnitTest_Bai07.csproj", "{CBA05B8A-3C13-4FC9-9062-390371C04CC5}"
EndProject
Project("{FAE04EC0-301F-11D3-BF4B-00C04F79EFBC}") = "UnitTest_Bai08", "UnitTest_Bai08\UnitTest_Bai08.csproj", "{D07328C1-E53B-4F75-9C79-57F5C148F5A9}"
EndProject
Project("{FAE04EC0-301F-11D3-BF4B-00C04F79EFBC}") = "UnitTest_Bai09", "UnitTest_Bai09\UnitTest_Bai09.csproj", "{4C6E9168-1BF6-4B74-AB9C-46EF51E1961B}"
EndProject
Project("{FAE04EC0-301F-11D3-BF4B-00C04F79EFBC}") = "UnitTest_Bai10", "UnitTest_Bai10\UnitTest_Bai10.csproj", "{AA5D5397-8AB9-4D12-9255-5F86B0BA78F3}"
EndProject
Project("{FAE04EC0-301F-11D3-BF4B-00C04F79EFBC}") = "UnitTest_Bai11", "UnitTest_Bai11\UnitTest_Bai11.csproj", "{1BC8D4C5-B2EF-47C2-AC27-E48C71765E82}"
EndProject
Project("{FAE04EC0-301F-11D3-BF4B-00C04F79EFBC}") = "UnitTest_Bai12", "UnitTest_Bai12\UnitTest_Bai12.csproj", "{0F2C5771-795A-4CEB-B0CA-D603ADD94993}"
EndProject
Project("{FAE04EC0-301F-11D3-BF4B-00C04F79EFBC}") = "UnitTest_Bai13", "UnitTest_Bai13\UnitTest_Bai13.csproj", "{01B289B4-7BF4-446C-8270-EB1F82A6B325}"
EndProject
Project("{FAE04EC0-301F-11D3-BF4B-00C04F79EFBC}") = "UnitTest_Bai14", "UnitTest_Bai14\UnitTest_Bai14.csproj", "{231C846E-DDBE-486E-AB91-984E2B8C6FEF}"
EndProject
Project("{FAE04EC0-301F-11D3-BF4B-00C04F79EFBC}") = "UnitTest_Bai15", "UnitTest_Bai15\UnitTest_Bai15.csproj", "{B25B598E-9D7C-4150-B8B3-411B1B51DD0F}"
EndProject
Project("{FAE04EC0-301F-11D3-BF4B-00C04F79EFBC}") = "UnitTest_Bai16", "UnitTest_Bai16\UnitTest_Bai16.csproj", "{B0CBDE45-C1E5-4474-AE36-3BB9F653C6DB}"
EndProject
Project("{FAE04EC0-301F-11D3-BF4B-00C04F79EFBC}") = "UnitTest_Bai17", "UnitTest_Bai17\UnitTest_Bai17.csproj", "{80E50A5C-85DA-4D88-9E05-7C786E4C240B}"
EndProject
Project("{FAE04EC0-301F-11D3-BF4B-00C04F79EFBC}") = "UnitTest_Bai18", "UnitTest_Bai18\UnitTest_Bai18.csproj", "{E0934575-7BAA-4584-BCBA-391D1986DDB8}"
EndProject
Project("{FAE04EC0-301F-11D3-BF4B-00C04F79EFBC}") = "UnitTest_Bai19", "UnitTest_Bai19\UnitTest_Bai19.csproj", "{8A5C2CA2-4A27-4AF9-B448-ACFDF31DE503}"
EndProject
Project("{FAE04EC0-301F-11D3-BF4B-00C04F79EFBC}") = "UnitTest_Bai20", "UnitTest_Bai20\UnitTest_Bai20.csproj", "{A9ACF956-5713-43D3-A873-2CEA3C65050E}"
EndProject
Project("{FAE04EC0-301F-11D3-BF4B-00C04F79EFBC}") = "UnitTest_Bai21", "UnitTest_Bai21\UnitTest_Bai21.csproj", "{41482683-56C8-4F26-96CE-523B0111CB0C}"
EndProject
Global
	GlobalSection(SolutionConfigurationPlatforms) = preSolution
		Debug|Any CPU = Debug|Any CPU
		Release|Any CPU = Release|Any CPU
	EndGlobalSection
	GlobalSection(ProjectConfigurationPlatforms) = postSolution
		{6791F406-FC36-4306-A050-996B1F90682A}.Debug|Any CPU.ActiveCfg = Debug|Any CPU
		{6791F406-FC36-4306-A050-996B1F90682A}.Debug|Any CPU.Build.0 = Debug|Any CPU
		{6791F406-FC36-4306-A050-996B1F90682A}.Release|Any CPU.ActiveCfg = Release|Any CPU
		{6791F406-FC36-4306-A050-996B1F90682A}.Release|Any CPU.Build.0 = Release|Any CPU
		{03EBC81B-B858-4927-BF4C-FD086AD77CDD}.Debug|Any CPU.ActiveCfg = Debug|Any CPU
		{03EBC81B-B858-4927-BF4C-FD086AD77CDD}.Debug|Any CPU.Build.0 = Debug|Any CPU
		{03EBC81B-B858-4927-BF4C-FD086AD77CDD}.Release|Any CPU.ActiveCfg = Release|Any CPU
		{03EBC81B-B858-4927-BF4C-FD086AD77CDD}.Release|Any CPU.Build.0 = Release|Any CPU
		{97A49AEB-B063-46D0-B005-D91D6B54ABC7}.Debug|Any CPU.ActiveCfg = Debug|Any CPU
		{97A49AEB-B063-46D0-B005-D91D6B54ABC7}.Debug|Any CPU.Build.0 = Debug|Any CPU
		{97A49AEB-B063-46D0-B005-D91D6B54ABC7}.Release|Any CPU.ActiveCfg = Release|Any CPU
		{97A49AEB-B063-46D0-B005-D91D6B54ABC7}.Release|Any CPU.Build.0 = Release|Any CPU
		{072640D6-891D-41C4-8A54-5633C86655F1}.Debug|Any CPU.ActiveCfg = Debug|Any CPU
		{072640D6-891D-41C4-8A54-5633C86655F1}.Debug|Any CPU.Build.0 = Debug|Any CPU
		{072640D6-891D-41C4-8A54-5633C86655F1}.Release|Any CPU.ActiveCfg = Release|Any CPU
		{072640D6-891D-41C4-8A54-5633C86655F1}.Release|Any CPU.Build.0 = Release|Any CPU
		{F47AF461-CB7B-45AC-8155-1E9FA3C6619A}.Debug|Any CPU.ActiveCfg = Debug|Any CPU
		{F47AF461-CB7B-45AC-8155-1E9FA3C6619A}.Debug|Any CPU.Build.0 = Debug|Any CPU
		{F47AF461-CB7B-45AC-8155-1E9FA3C6619A}.Release|Any CPU.ActiveCfg = Release|Any CPU
		{F47AF461-CB7B-45AC-8155-1E9FA3C6619A}.Release|Any CPU.Build.0 = Release|Any CPU
		{900DEB24-C2E1-4E16-819D-D682698246AB}.Debug|Any CPU.ActiveCfg = Debug|Any CPU
		{900DEB24-C2E1-4E16-819D-D682698246AB}.Debug|Any CPU.Build.0 = Debug|Any CPU
		{900DEB24-C2E1-4E16-819D-D682698246AB}.Release|Any CPU.ActiveCfg = Release|Any CPU
		{900DEB24-C2E1-4E16-819D-D682698246AB}.Release|Any CPU.Build.0 = Release|Any CPU
		{1302CE2F-F7DC-47E0-9959-A9A8570715F7}.Debug|Any CPU.ActiveCfg = Debug|Any CPU
		{1302CE2F-F7DC-47E0-9959-A9A8570715F7}.Debug|Any CPU.Build.0 = Debug|Any CPU
		{1302CE2F-F7DC-47E0-9959-A9A8570715F7}.Release|Any CPU.ActiveCfg = Release|Any CPU
		{1302CE2F-F7DC-47E0-9959-A9A8570715F7}.Release|Any CPU.Build.0 = Release|Any CPU
		{CBA05B8A-3C13-4FC9-9062-390371C04CC5}.Debug|Any CPU.ActiveCfg = Debug|Any CPU
		{CBA05B8A-3C13-4FC9-9062-390371C04CC5}.Debug|Any CPU.Build.0 = Debug|Any CPU
		{CBA05B8A-3C13-4FC9-9062-390371C04CC5}.Release|Any CPU.ActiveCfg = Release|Any CPU
		{CBA05B8A-3C13-4FC9-9062-390371C04CC5}.Release|Any CPU.Build.0 = Release|Any CPU
		{D07328C1-E53B-4F75-9C79-57F5C148F5A9}.Debug|Any CPU.ActiveCfg = Debug|Any CPU
		{D07328C1-E53B-4F75-9C79-57F5C148F5A9}.Debug|Any CPU.Build.0 = Debug|Any CPU
		{D07328C1-E53B-4F75-9C79-57F5C148F5A9}.Release|Any CPU.ActiveCfg = Release|Any CPU
		{D07328C1-E53B-4F75-9C79-57F5C148F5A9}.Release|Any CPU.Build.0 = Release|Any CPU
		{4C6E9168-1BF6-4B74-AB9C-46EF51E1961B}.Debug|Any CPU.ActiveCfg = Debug|Any CPU
		{4C6E9168-1BF6-4B74-AB9C-46EF51E1961B}.Debug|Any CPU.Build.0 = Debug|Any CPU
		{4C6E9168-1BF6-4B74-AB9C-46EF51E1961B}.Release|Any CPU.ActiveCfg = Release|Any CPU
		{4C6E9168-1BF6-4B74-AB9C-46EF51E1961B}.Release|Any CPU.Build.0 = Release|Any CPU
		{AA5D5397-8AB9-4D12-9255-5F86B0BA78F3}.Debug|Any CPU.ActiveCfg = Debug|Any CPU
		{AA5D5397-8AB9-4D12-9255-5F86B0BA78F3}.Debug|Any CPU.Build.0 = Debug|Any CPU
		{AA5D5397-8AB9-4D12-9255-5F86B0BA78F3}.Release|Any CPU.ActiveCfg = Release|Any CPU
		{AA5D5397-8AB9-4D12-9255-5F86B0BA78F3}.Release|Any CPU.Build.0 = Release|Any CPU
		{1BC8D4C5-B2EF-47C2-AC27-E48C71765E82}.Debug|Any CPU.ActiveCfg = Debug|Any CPU
		{1BC8D4C5-B2EF-47C2-AC27-E48C71765E82}.Debug|Any CPU.Build.0 = Debug|Any CPU
		{1BC8D4C5-B2EF-47C2-AC27-E48C71765E82}.Release|Any CPU.ActiveCfg = Release|Any CPU
		{1BC8D4C5-B2EF-47C2-AC27-E48C71765E82}.Release|Any CPU.Build.0 = Release|Any CPU
		{0F2C5771-795A-4CEB-B0CA-D603ADD94993}.Debug|Any CPU.ActiveCfg = Debug|Any CPU
		{0F2C5771-795A-4CEB-B0CA-D603ADD94993}.Debug|Any CPU.Build.0 = Debug|Any CPU
		{0F2C5771-795A-4CEB-B0CA-D603ADD94993}.Release|Any CPU.ActiveCfg = Release|Any CPU
		{0F2C5771-795A-4CEB-B0CA-D603ADD94993}.Release|Any CPU.Build.0 = Release|Any CPU
		{01B289B4-7BF4-446C-8270-EB1F82A6B325}.Debug|Any CPU.ActiveCfg = Debug|Any CPU
		{01B289B4-7BF4-446C-8270-EB1F82A6B325}.Debug|Any CPU.Build.0 = Debug|Any CPU
		{01B289B4-7BF4-446C-8270-EB1F82A6B325}.Release|Any CPU.ActiveCfg = Release|Any CPU
		{01B289B4-7BF4-446C-8270-EB1F82A6B325}.Release|Any CPU.Build.0 = Release|Any CPU
		{231C846E-DDBE-486E-AB91-984E2B8C6FEF}.Debug|Any CPU.ActiveCfg = Debug|Any CPU
		{231C846E-DDBE-486E-AB91-984E2B8C6FEF}.Debug|Any CPU.Build.0 = Debug|Any CPU
		{231C846E-DDBE-486E-AB91-984E2B8C6FEF}.Release|Any CPU.ActiveCfg = Release|Any CPU
		{231C846E-DDBE-486E-AB91-984E2B8C6FEF}.Release|Any CPU.Build.0 = Release|Any CPU
		{B25B598E-9D7C-4150-B8B3-411B1B51DD0F}.Debug|Any CPU.ActiveCfg = Debug|Any CPU
		{B25B598E-9D7C-4150-B8B3-411B1B51DD0F}.Debug|Any CPU.Build.0 = Debug|Any CPU
		{B25B598E-9D7C-4150-B8B3-411B1B51DD0F}.Release|Any CPU.ActiveCfg = Release|Any CPU
		{B25B598E-9D7C-4150-B8B3-411B1B51DD0F}.Release|Any CPU.Build.0 = Release|Any CPU
		{B0CBDE45-C1E5-4474-AE36-3BB9F653C6DB}.Debug|Any CPU.ActiveCfg = Debug|Any CPU
		{B0CBDE45-C1E5-4474-AE36-3BB9F653C6DB}.Debug|Any CPU.Build.0 = Debug|Any CPU
		{B0CBDE45-C1E5-4474-AE36-3BB9F653C6DB}.Release|Any CPU.ActiveCfg = Release|Any CPU
		{B0CBDE45-C1E5-4474-AE36-3BB9F653C6DB}.Release|Any CPU.Build.0 = Release|Any CPU
		{80E50A5C-85DA-4D88-9E05-7C786E4C240B}.Debug|Any CPU.ActiveCfg = Debug|Any CPU
		{80E50A5C-85DA-4D88-9E05-7C786E4C240B}.Debug|Any CPU.Build.0 = Debug|Any CPU
		{80E50A5C-85DA-4D88-9E05-7C786E4C240B}.Release|Any CPU.ActiveCfg = Release|Any CPU
		{80E50A5C-85DA-4D88-9E05-7C786E4C240B}.Release|Any CPU.Build.0 = Release|Any CPU
		{E0934575-7BAA-4584-BCBA-391D1986DDB8}.Debug|Any CPU.ActiveCfg = Debug|Any CPU
		{E0934575-7BAA-4584-BCBA-391D1986DDB8}.Debug|Any CPU.Build.0 = Debug|Any CPU
		{E0934575-7BAA-4584-BCBA-391D1986DDB8}.Release|Any CPU.ActiveCfg = Release|Any CPU
		{E0934575-7BAA-4584-BCBA-391D1986DDB8}.Release|Any CPU.Build.0 = Release|Any CPU
		{8A5C2CA2-4A27-4AF9-B448-ACFDF31DE503}.Debug|Any CPU.ActiveCfg = Debug|Any CPU
		{8A5C2CA2-4A27-4AF9-B448-ACFDF31DE503}.Debug|Any CPU.Build.0 = Debug|Any CPU
		{8A5C2CA2-4A27-4AF9-B448-ACFDF31DE503}.Release|Any CPU.ActiveCfg = Release|Any CPU
		{8A5C2CA2-4A27-4AF9-B448-ACFDF31DE503}.Release|Any CPU.Build.0 = Release|Any CPU
		{A9ACF956-5713-43D3-A873-2CEA3C65050E}.Debug|Any CPU.ActiveCfg = Debug|Any CPU
		{A9ACF956-5713-43D3-A873-2CEA3C65050E}.Debug|Any CPU.Build.0 = Debug|Any CPU
		{A9ACF956-5713-43D3-A873-2CEA3C65050E}.Release|Any CPU.ActiveCfg = Release|Any CPU
		{A9ACF956-5713-43D3-A873-2CEA3C65050E}.Release|Any CPU.Build.0 = Release|Any CPU
		{41482683-56C8-4F26-96CE-523B0111CB0C}.Debug|Any CPU.ActiveCfg = Debug|Any CPU
		{41482683-56C8-4F26-96CE-523B0111CB0C}.Debug|Any CPU.Build.0 = Debug|Any CPU
		{41482683-56C8-4F26-96CE-523B0111CB0C}.Release|Any CPU.ActiveCfg = Release|Any CPU
		{41482683-56C8-4F26-96CE-523B0111CB0C}.Release|Any CPU.Build.0 = Release|Any CPU
	EndGlobalSection
	GlobalSection(SolutionProperties) = preSolution
		HideSolutionNode = FALSE
	EndGlobalSection
	GlobalSection(ExtensibilityGlobals) = postSolution
		SolutionGuid = {52B094FB-A03D-4F45-BC23-BD537E6BD260}
	EndGlobalSection
EndGlobal
